
Microsoft Visual Studio Solution File, Format Version 12.00
# Visual Studio Version 17
VisualStudioVersion = 17.9.34607.119
MinimumVisualStudioVersion = 10.0.40219.1
Project("{FAE04EC0-301F-11D3-BF4B-00C04F79EFBC}") = "JWT-Auth", "JWT-Auth\JWT-Auth.csproj", "{0FFF48EB-5D42-43AF-95CB-D6647C9F2D17}"
EndProject
Global
	GlobalSection(SolutionConfigurationPlatforms) = preSolution
		Debug|Any CPU = Debug|Any CPU
		Release|Any CPU = Release|Any CPU
	EndGlobalSection
	GlobalSection(ProjectConfigurationPlatforms) = postSolution
		{0FFF48EB-5D42-43AF-95CB-D6647C9F2D17}.Debug|Any CPU.ActiveCfg = Debug|Any CPU
		{0FFF48EB-5D42-43AF-95CB-D6647C9F2D17}.Debug|Any CPU.Build.0 = Debug|Any CPU
		{0FFF48EB-5D42-43AF-95CB-D6647C9F2D17}.Release|Any CPU.ActiveCfg = Release|Any CPU
		{0FFF48EB-5D42-43AF-95CB-D6647C9F2D17}.Release|Any CPU.Build.0 = Release|Any CPU
	EndGlobalSection
	GlobalSection(SolutionProperties) = preSolution
		HideSolutionNode = FALSE
	EndGlobalSection
	GlobalSection(ExtensibilityGlobals) = postSolution
		SolutionGuid = {E5D6789F-2853-458B-8BAB-153AF1BAAF7D}
	EndGlobalSection
EndGlobal
